{
    "_readme": [
        "This file locks the dependencies of your project to a known state",
        "Read more about it at https://getcomposer.org/doc/01-basic-usage.md#installing-dependencies",
        "This file is @generated automatically"
    ],
    "content-hash": "fced7bb139032356abe031eb8ffd36cc",
    "packages": [
        {
            "name": "anklimsk/cakephp-basic-functions",
            "version": "v1.0.2",
            "source": {
                "type": "git",
                "url": "https://github.com/anklimsk/cakephp-basic-functions.git",
                "reference": "fb223e8bc7216e274ff4efb5ecff63fa50c6da18"
            },
            "dist": {
                "type": "zip",
                "url": "https://api.github.com/repos/anklimsk/cakephp-basic-functions/zipball/fb223e8bc7216e274ff4efb5ecff63fa50c6da18",
                "reference": "fb223e8bc7216e274ff4efb5ecff63fa50c6da18",
                "shasum": ""
            },
            "require": {
                "anklimsk/cakephp-extended-test": "^1.0.0",
                "composer/installers": "^1.5.0",
                "php": ">=5.4"
            },
            "type": "cakephp-plugin",
            "extra": {
                "installer-name": "CakeBasicFunctions",
                "branch-alias": {
                    "dev-master": "1.0.x-dev"
                }
            },
            "notification-url": "https://packagist.org/downloads/",
            "license": [
                "MIT"
            ],
            "authors": [
                {
                    "name": "Andrey Klimov"
                }
            ],
            "description": "Global basic utilities for the CakePHP 2.x application",
            "homepage": "https://github.com/anklimsk/cakephp-basic-functions",
            "time": "2019-11-30T21:32:01+00:00"
        },
        {
            "name": "anklimsk/cakephp-config-plugin",
            "version": "v1.0.1",
            "source": {
                "type": "git",
                "url": "https://github.com/anklimsk/cakephp-config-plugin.git",
                "reference": "9659709541950470908f15860327cdd9f1d4e662"
            },
            "dist": {
                "type": "zip",
                "url": "https://api.github.com/repos/anklimsk/cakephp-config-plugin/zipball/9659709541950470908f15860327cdd9f1d4e662",
                "reference": "9659709541950470908f15860327cdd9f1d4e662",
                "shasum": ""
            },
            "require": {
                "anklimsk/cakephp-extended-test": "^1.0.0",
                "composer/installers": "^1.5.0",
                "php": ">=5.4"
            },
            "type": "cakephp-plugin",
            "extra": {
                "installer-name": "CakeConfigPlugin",
                "branch-alias": {
                    "dev-master": "1.0.x-dev"
                }
            },
            "notification-url": "https://packagist.org/downloads/",
            "license": [
                "MIT"
            ],
            "authors": [
                {
                    "name": "Andrey Klimov"
                }
            ],
            "description": "Initialize and get the plugin configuration for the CakePHP 2.x",
            "homepage": "https://github.com/anklimsk/cakephp-config-plugin",
            "time": "2018-11-19T09:16:13+00:00"
        },
        {
            "name": "anklimsk/cakephp-console-installer",
            "version": "v1.0.6",
            "source": {
                "type": "git",
                "url": "https://github.com/anklimsk/cakephp-console-installer.git",
                "reference": "63d90f33ea2a3d959a51981e163a8e94c37f1eb0"
            },
            "dist": {
                "type": "zip",
                "url": "https://api.github.com/repos/anklimsk/cakephp-console-installer/zipball/63d90f33ea2a3d959a51981e163a8e94c37f1eb0",
                "reference": "63d90f33ea2a3d959a51981e163a8e94c37f1eb0",
                "shasum": ""
            },
            "require": {
                "anklimsk/cakephp-basic-functions": "^1.0.0",
                "anklimsk/cakephp-config-plugin": "^1.0.0",
                "anklimsk/cakephp-extended-test": "^1.0.0",
                "composer/installers": "^1.5.0",
                "php": ">=5.4"
            },
            "type": "cakephp-plugin",
            "extra": {
                "installer-name": "CakeInstaller"
            },
            "notification-url": "https://packagist.org/downloads/",
            "license": [
                "MIT"
            ],
            "authors": [
                {
                    "name": "Andrey Klimov"
                }
            ],
            "description": "Console installer for CakePHP 2.x",
            "homepage": "https://github.com/anklimsk/cakephp-console-installer",
            "time": "2020-04-02T15:33:41+00:00"
        },
        {
            "name": "anklimsk/cakephp-extended-test",
            "version": "v1.0.3",
            "source": {
                "type": "git",
                "url": "https://github.com/anklimsk/cakephp-extended-test.git",
                "reference": "a1e22a9f486c2d2724c7fd8212589b3ee3b842c1"
            },
            "dist": {
                "type": "zip",
                "url": "https://api.github.com/repos/anklimsk/cakephp-extended-test/zipball/a1e22a9f486c2d2724c7fd8212589b3ee3b842c1",
                "reference": "a1e22a9f486c2d2724c7fd8212589b3ee3b842c1",
                "shasum": ""
            },
            "require": {
                "anklimsk/cakephp-basic-functions": "^1.0.0",
                "composer/installers": "^1.5.0",
                "php": ">=5.4"
            },
            "type": "cakephp-plugin",
            "extra": {
                "installer-name": "CakeExtendTest",
                "branch-alias": {
                    "dev-master": "1.0.x-dev"
                }
            },
            "notification-url": "https://packagist.org/downloads/",
            "license": [
                "MIT"
            ],
            "authors": [
                {
                    "name": "Andrey Klimov"
                }
            ],
            "description": "Extended test tools for CakePHP 2.x",
            "homepage": "https://github.com/anklimsk/cakephp-extended-test",
            "time": "2019-11-30T19:40:35+00:00"
        },
        {
            "name": "anklimsk/cakephp-ldap-sync",
            "version": "v1.0.4",
            "source": {
                "type": "git",
                "url": "https://github.com/anklimsk/cakephp-ldap-sync.git",
                "reference": "aeeff85c9dd32a64aebc6cd4bf6d11d5ed04c8cf"
            },
            "dist": {
                "type": "zip",
                "url": "https://api.github.com/repos/anklimsk/cakephp-ldap-sync/zipball/aeeff85c9dd32a64aebc6cd4bf6d11d5ed04c8cf",
                "reference": "aeeff85c9dd32a64aebc6cd4bf6d11d5ed04c8cf",
                "shasum": ""
            },
            "require": {
                "anklimsk/cakephp-basic-functions": "^1.0.0",
                "anklimsk/cakephp-config-plugin": "^1.0.0",
                "anklimsk/cakephp-extended-test": "^1.0.0",
                "anklimsk/cakephp2-theme": "^1.0.0",
                "cakephp/datasources": "2.3.x-dev",
                "composer/installers": "^1.5.0",
                "dereuromark/cakephp-queue": "^2.3.0",
                "dereuromark/cakephp-tools": "^0.12.4",
                "php": ">=5.4"
            },
            "type": "cakephp-plugin",
            "extra": {
                "installer-name": "CakeLdap"
            },
            "notification-url": "https://packagist.org/downloads/",
            "license": [
                "MIT"
            ],
            "authors": [
                {
                    "name": "Andrey Klimov"
                }
            ],
            "description": "Synchronizing information and authenticating users by LDAP for CakePHP 2.x",
            "homepage": "https://github.com/anklimsk/cakephp-ldap-sync",
            "time": "2019-12-01T16:15:32+00:00"
        },
        {
            "name": "anklimsk/cakephp-notify",
            "version": "v1.0.1",
            "source": {
                "type": "git",
                "url": "https://github.com/anklimsk/cakephp-notify.git",
                "reference": "1cbf1da3bb0d054056b3fe3c3516f120ed3ef2c3"
            },
            "dist": {
                "type": "zip",
                "url": "https://api.github.com/repos/anklimsk/cakephp-notify/zipball/1cbf1da3bb0d054056b3fe3c3516f120ed3ef2c3",
                "reference": "1cbf1da3bb0d054056b3fe3c3516f120ed3ef2c3",
                "shasum": ""
            },
            "require": {
                "anklimsk/cakephp-extended-test": "^1.0.0",
                "anklimsk/cakephp2-theme": "^1.0.0",
                "composer/installers": "^1.5.0",
                "dereuromark/cakephp-queue": "^2.3.0",
                "dereuromark/cakephp-tools": "^0.12.4",
                "php": ">=5.4"
            },
            "type": "cakephp-plugin",
            "extra": {
                "installer-name": "CakeNotify"
            },
            "notification-url": "https://packagist.org/downloads/",
            "license": [
                "MIT"
            ],
            "authors": [
                {
                    "name": "Andrey Klimov"
                }
            ],
            "description": "Sending E-mail using task queues and sending a notification to the user using WEB Notifications API from CakePHP 2.x",
            "homepage": "https://github.com/anklimsk/cakephp-notify",
            "time": "2018-11-19T10:40:06+00:00"
        },
        {
            "name": "anklimsk/cakephp-search-info",
            "version": "v1.0.3",
            "source": {
                "type": "git",
                "url": "https://github.com/anklimsk/cakephp-search-info.git",
                "reference": "2cedde1c0fda7e22b1e8c523c4086ebd9fd29411"
            },
            "dist": {
                "type": "zip",
                "url": "https://api.github.com/repos/anklimsk/cakephp-search-info/zipball/2cedde1c0fda7e22b1e8c523c4086ebd9fd29411",
                "reference": "2cedde1c0fda7e22b1e8c523c4086ebd9fd29411",
                "shasum": ""
            },
            "require": {
                "anklimsk/cakephp-config-plugin": "^1.0.0",
                "anklimsk/cakephp-extended-test": "^1.0.0",
                "anklimsk/cakephp2-theme": "^1.0.0",
                "composer/installers": "^1.5.0",
                "php": ">=5.4"
            },
            "type": "cakephp-plugin",
            "extra": {
                "installer-name": "CakeSearchInfo"
            },
            "notification-url": "https://packagist.org/downloads/",
            "license": [
                "MIT"
            ],
            "authors": [
                {
                    "name": "Andrey Klimov"
                }
            ],
            "description": " Search for information in the project database for CakePHP 2.x",
            "homepage": "https://github.com/anklimsk/cakephp-search-info",
            "time": "2019-12-01T10:20:37+00:00"
        },
        {
            "name": "anklimsk/cakephp-settings-app",
            "version": "v1.0.7",
            "source": {
                "type": "git",
                "url": "https://github.com/anklimsk/cakephp-settings-app.git",
                "reference": "9be39ac2755345b17a0f3f069e96c23a69700e07"
            },
            "dist": {
                "type": "zip",
                "url": "https://api.github.com/repos/anklimsk/cakephp-settings-app/zipball/9be39ac2755345b17a0f3f069e96c23a69700e07",
                "reference": "9be39ac2755345b17a0f3f069e96c23a69700e07",
                "shasum": ""
            },
            "require": {
                "anklimsk/cakephp-config-plugin": "^1.0.0",
                "anklimsk/cakephp-extended-test": "^1.0.0",
                "anklimsk/cakephp2-theme": "^1.0.0",
                "composer/installers": "^1.5.0",
                "php": ">=5.4"
            },
            "type": "cakephp-plugin",
            "extra": {
                "installer-name": "CakeSettingsApp"
            },
            "notification-url": "https://packagist.org/downloads/",
            "license": [
                "MIT"
            ],
            "authors": [
                {
                    "name": "Andrey Klimov"
                }
            ],
            "description": " UI for CakePHP 2.x application settings",
            "homepage": "https://github.com/anklimsk/cakephp-settings-app",
            "time": "2019-11-30T18:25:40+00:00"
        },
        {
            "name": "anklimsk/cakephp2-theme",
            "version": "v1.1.4",
            "source": {
                "type": "git",
                "url": "https://github.com/anklimsk/cakephp-theme.git",
                "reference": "7c69473a2be7aa83887b82202df796177113f4f1"
            },
            "dist": {
                "type": "zip",
                "url": "https://api.github.com/repos/anklimsk/cakephp-theme/zipball/7c69473a2be7aa83887b82202df796177113f4f1",
                "reference": "7c69473a2be7aa83887b82202df796177113f4f1",
                "shasum": ""
            },
            "require": {
                "anklimsk/cakephp-basic-functions": "^1.0.0",
                "anklimsk/cakephp-config-plugin": "^1.0.0",
                "anklimsk/cakephp-extended-test": "^1.0.0",
                "codaxis/cakephp-bootstrap3-helpers": "^1.2",
                "composer/installers": "^1.5.0",
                "markstory/asset_compress": "^0.25",
                "php": ">=5.4"
            },
            "type": "cakephp-plugin",
            "extra": {
                "installer-name": "CakeTheme"
            },
            "notification-url": "https://packagist.org/downloads/",
            "license": [
                "MIT"
            ],
            "authors": [
                {
                    "name": "Andrey Klimov"
                }
            ],
            "description": "Full UI theme for CakePHP 2.x",
            "homepage": "https://github.com/anklimsk/cakephp-theme",
            "time": "2019-12-01T16:42:29+00:00"
        },
        {
            "name": "cakephp/datasources",
            "version": "dev-master",
            "source": {
                "type": "git",
                "url": "https://github.com/cakephp/datasources.git",
                "reference": "b741921fa414ed7591494a6fbd12dbb6704dfc31"
            },
            "dist": {
                "type": "zip",
                "url": "https://api.github.com/repos/cakephp/datasources/zipball/b741921fa414ed7591494a6fbd12dbb6704dfc31",
                "reference": "b741921fa414ed7591494a6fbd12dbb6704dfc31",
                "shasum": ""
            },
            "require": {
                "composer/installers": "*",
                "php": ">=5.2.8"
            },
            "type": "cakephp-plugin",
            "extra": {
                "branch-alias": {
                    "dev-master": "2.3.x-dev"
                },
                "installer-name": "Datasources"
            },
            "notification-url": "https://packagist.org/downloads/",
            "license": [
                "MIT"
            ],
            "authors": [
                {
                    "name": "CakePHP Community",
                    "homepage": "https://github.com/cakephp/datasources/graphs/contributors"
                }
            ],
            "description": "CakePHP Datasources Plugin",
            "homepage": "https://github.com/cakephp/datasources",
            "keywords": [
                "adodb",
                "cakephp",
                "couchdb",
                "datasources",
                "db2",
                "firebird",
                "ldap",
                "odbc",
                "sqlite",
                "sqlserver",
                "sybase"
            ],
            "time": "2017-11-13T12:04:37+00:00"
        },
        {
            "name": "codaxis/cakephp-bootstrap3-helpers",
            "version": "1.2",
            "source": {
                "type": "git",
                "url": "https://github.com/ajfranzoia/cakephp-bootstrap3-helpers.git",
                "reference": "4c19e08fa5de670c60976fe407f5fa7c3775743b"
            },
            "dist": {
                "type": "zip",
                "url": "https://api.github.com/repos/ajfranzoia/cakephp-bootstrap3-helpers/zipball/4c19e08fa5de670c60976fe407f5fa7c3775743b",
                "reference": "4c19e08fa5de670c60976fe407f5fa7c3775743b",
                "shasum": ""
            },
            "require": {
                "php": ">=5.3.0"
            },
            "type": "cakephp-plugin",
            "extra": {
                "installer-name": "Bs3Helpers"
            },
            "notification-url": "https://packagist.org/downloads/",
            "license": [
                "MIT"
            ],
            "authors": [
                {
                    "name": "augusto-cdxs",
                    "email": "augusto@codaxis.com"
                }
            ],
            "description": "CakePHP highly configurable helpers for Bootstrap 3 framework.",
            "homepage": "https://github.com/Codaxis/bootstrap3-helpers",
            "keywords": [
                "bootstrap",
                "cakephp",
                "helper"
            ],
            "time": "2015-12-29T19:50:28+00:00"
        },
        {
            "name": "composer/installers",
            "version": "v1.7.0",
            "source": {
                "type": "git",
                "url": "https://github.com/composer/installers.git",
                "reference": "141b272484481432cda342727a427dc1e206bfa0"
            },
            "dist": {
                "type": "zip",
                "url": "https://api.github.com/repos/composer/installers/zipball/141b272484481432cda342727a427dc1e206bfa0",
                "reference": "141b272484481432cda342727a427dc1e206bfa0",
                "shasum": ""
            },
            "require": {
                "composer-plugin-api": "^1.0"
            },
            "replace": {
                "roundcube/plugin-installer": "*",
                "shama/baton": "*"
            },
            "require-dev": {
                "composer/composer": "1.0.*@dev",
                "phpunit/phpunit": "^4.8.36"
            },
            "type": "composer-plugin",
            "extra": {
                "class": "Composer\\Installers\\Plugin",
                "branch-alias": {
                    "dev-master": "1.0-dev"
                }
            },
            "autoload": {
                "psr-4": {
                    "Composer\\Installers\\": "src/Composer/Installers"
                }
            },
            "notification-url": "https://packagist.org/downloads/",
            "license": [
                "MIT"
            ],
            "authors": [
                {
                    "name": "Kyle Robinson Young",
                    "email": "kyle@dontkry.com",
                    "homepage": "https://github.com/shama"
                }
            ],
            "description": "A multi-framework Composer library installer",
            "homepage": "https://composer.github.io/installers/",
            "keywords": [
                "Craft",
                "Dolibarr",
                "Eliasis",
                "Hurad",
                "ImageCMS",
                "Kanboard",
                "Lan Management System",
                "MODX Evo",
                "Mautic",
                "Maya",
                "OXID",
                "Plentymarkets",
                "Porto",
                "RadPHP",
                "SMF",
                "Thelia",
                "Whmcs",
                "WolfCMS",
                "agl",
                "aimeos",
                "annotatecms",
                "attogram",
                "bitrix",
                "cakephp",
                "chef",
                "cockpit",
                "codeigniter",
                "concrete5",
                "croogo",
                "dokuwiki",
                "drupal",
                "eZ Platform",
                "elgg",
                "expressionengine",
                "fuelphp",
                "grav",
                "installer",
                "itop",
                "joomla",
                "known",
                "kohana",
                "laravel",
                "lavalite",
                "lithium",
                "magento",
                "majima",
                "mako",
                "mediawiki",
                "modulework",
                "modx",
                "moodle",
                "osclass",
                "phpbb",
                "piwik",
                "ppi",
                "puppet",
                "pxcms",
                "reindex",
                "roundcube",
                "shopware",
                "silverstripe",
                "sydes",
                "symfony",
                "typo3",
                "wordpress",
                "yawik",
                "zend",
                "zikula"
            ],
            "time": "2019-08-12T15:00:31+00:00"
        },
        {
            "name": "dereuromark/cakephp-queue",
            "version": "2.3.0",
            "source": {
                "type": "git",
                "url": "https://github.com/dereuromark/cakephp-queue.git",
                "reference": "1a3dfafcde5c36d9610df95e5b28502d1da72528"
            },
            "dist": {
                "type": "zip",
                "url": "https://api.github.com/repos/dereuromark/cakephp-queue/zipball/1a3dfafcde5c36d9610df95e5b28502d1da72528",
                "reference": "1a3dfafcde5c36d9610df95e5b28502d1da72528",
                "shasum": ""
            },
            "require": {
                "composer/installers": "*",
                "php": ">=5.4.0"
            },
            "suggest": {
                "dereuromark/cakephp-tools": "For the Email lib and QueueEmailTask. Or write your own task here."
            },
            "type": "cakephp-plugin",
            "extra": {
                "installer-name": "Queue"
            },
            "notification-url": "https://packagist.org/downloads/",
            "license": [
                "MIT"
            ],
            "authors": [
                {
                    "name": "Mark Scherer",
                    "homepage": "http://www.dereuromark.de"
                }
            ],
            "description": "The Queue plugin for CakePHP provides deferred task execution.",
            "homepage": "http://github.com/dereuromark/cakephp-queue",
            "keywords": [
                "background",
                "cakephp",
                "deferred tasks",
                "queue"
            ],
            "time": "2016-01-10T02:59:02+00:00"
        },
        {
            "name": "dereuromark/cakephp-shim",
            "version": "0.6.2",
            "source": {
                "type": "git",
                "url": "https://github.com/dereuromark/cakephp-shim.git",
                "reference": "02a12cd83a0ccf22c1d544041f4518f27f495476"
            },
            "dist": {
                "type": "zip",
                "url": "https://api.github.com/repos/dereuromark/cakephp-shim/zipball/02a12cd83a0ccf22c1d544041f4518f27f495476",
                "reference": "02a12cd83a0ccf22c1d544041f4518f27f495476",
                "shasum": ""
            },
            "require": {
                "cakephp/cakephp": ">=2.0 <3.0",
                "composer/installers": "*",
                "php": ">=5.4"
            },
            "require-dev": {
                "fig-r/psr2r-sniffer": "dev-master",
                "mobiledetect/mobiledetectlib": "2.*"
            },
            "suggest": {
                "ircmaxell/password-compat": "PHP5.4 compatability for the PHP5.5 password hashing functionality.",
                "mobiledetect/mobiledetectlib": "Better up-to-date mobile/tablet detection."
            },
            "type": "cakephp-plugin",
            "extra": {
                "installer-name": "Shim"
            },
            "notification-url": "https://packagist.org/downloads/",
            "license": [
                "MIT"
            ],
            "authors": [
                {
                    "name": "Mark Scherer",
                    "homepage": "http://www.dereuromark.de",
                    "role": "Maintainer"
                }
            ],
            "description": "A CakePHP plugin to shim applications between major framework versions.",
            "homepage": "https://github.com/dereuromark/cakephp-shim",
            "keywords": [
                "cakephp",
                "helpers",
                "plugin",
                "shim"
            ],
            "time": "2018-04-13T22:04:53+00:00"
        },
        {
            "name": "dereuromark/cakephp-tools",
            "version": "0.12.4",
            "source": {
                "type": "git",
                "url": "https://github.com/dereuromark/cakephp-tools.git",
                "reference": "a1720aee1d68d64085752328e552f3946be5a369"
            },
            "dist": {
                "type": "zip",
                "url": "https://api.github.com/repos/dereuromark/cakephp-tools/zipball/a1720aee1d68d64085752328e552f3946be5a369",
                "reference": "a1720aee1d68d64085752328e552f3946be5a369",
                "shasum": ""
            },
            "require": {
                "cakephp/cakephp": ">=2.0 <3.0",
                "composer/installers": "*",
                "dereuromark/cakephp-shim": "^0.5.0 || ^0.6.0",
                "php": ">=5.4"
            },
            "suggest": {
                "pelago/emogrifier": "When using InlineCss lib and CSS to inline HTML transformation."
            },
            "type": "cakephp-plugin",
            "extra": {
                "installer-name": "Tools"
            },
            "notification-url": "https://packagist.org/downloads/",
            "license": [
                "MIT"
            ],
            "authors": [
                {
                    "name": "Mark Scherer",
                    "homepage": "http://www.dereuromark.de",
                    "role": "Maintainer"
                }
            ],
            "description": "A CakePHP plugin containing lots of useful and reusable tools",
            "homepage": "https://github.com/dereuromark/cakephp-tools",
            "keywords": [
                "behaviors",
                "cakephp",
                "components",
                "datasources",
                "helpers",
                "plugin",
                "tools",
                "utils"
            ],
            "time": "2018-09-08T15:47:19+00:00"
        },
        {
            "name": "markstory/asset_compress",
            "version": "0.25",
            "source": {
                "type": "git",
                "url": "https://github.com/markstory/asset_compress.git",
                "reference": "654a54bbe834485dead03fbc78105acabca98f64"
            },
            "dist": {
                "type": "zip",
                "url": "https://api.github.com/repos/markstory/asset_compress/zipball/654a54bbe834485dead03fbc78105acabca98f64",
                "reference": "654a54bbe834485dead03fbc78105acabca98f64",
                "shasum": ""
            },
            "require": {
                "cakephp/cakephp": ">=2.4 <3.0",
                "composer/installers": "*",
                "php": ">=5.3.0"
            },
            "type": "cakephp-plugin",
            "notification-url": "https://packagist.org/downloads/",
            "license": [
                "MIT"
            ],
            "authors": [
                {
                    "name": "Mark Story",
                    "homepage": "http://mark-story.com",
                    "role": "Author"
                }
            ],
            "description": "An asset compression plugin for CakePHP. Provides file concatenation and a flexible filter system for preprocessing and minification.",
            "homepage": "https://github.com/markstory/asset_compress",
            "keywords": [
                "assets",
                "cakephp",
                "coffee-script",
                "less",
                "minifier",
                "sass"
            ],
            "time": "2017-12-03T02:22:00+00:00"
        },
        {
            "name": "markstory/geshi",
            "version": "v0.3.0",
            "source": {
                "type": "git",
                "url": "https://github.com/markstory/cakephp_geshi.git",
                "reference": "fb5426f3fbc1d1261b17f9b477cfc7d447ff6c74"
            },
            "dist": {
                "type": "zip",
                "url": "https://api.github.com/repos/markstory/cakephp_geshi/zipball/fb5426f3fbc1d1261b17f9b477cfc7d447ff6c74",
                "reference": "fb5426f3fbc1d1261b17f9b477cfc7d447ff6c74",
                "shasum": ""
            },
            "require": {
                "composer/installers": "*",
                "php": ">=5.3.0"
            },
            "type": "cakephp-plugin",
            "notification-url": "https://packagist.org/downloads/",
            "license": [
                "MIT"
            ],
            "authors": [
                {
                    "name": "Mark Story",
                    "homepage": "http://mark-story.com",
                    "role": "Author"
                }
            ],
            "description": "CakePHP plugin that integrates with Geshi Syntax highlighter.",
            "homepage": "https://github.com/markstory/cakephp_geshi",
            "keywords": [
                "cakephp",
                "geshi",
                "helper",
                "highlighting"
            ],
            "time": "2014-02-05T02:30:23+00:00"
        }
    ],
    "packages-dev": [],
    "aliases": [],
    "minimum-stability": "dev",
    "stability-flags": [],
    "prefer-stable": true,
    "prefer-lowest": false,
    "platform": [],
    "platform-dev": []
}
